
Microsoft Visual Studio Solution File, Format Version 12.00
# Visual Studio Version 17
VisualStudioVersion = 17.1.32421.90
MinimumVisualStudioVersion = 10.0.40219.1
Project("{FAE04EC0-301F-11D3-BF4B-00C04F79EFBC}") = "MatchGame", "MatchGame.csproj", "{9A22EDE5-489E-4C99-9A41-FBB81CF9EEFB}"
EndProject
Global
	GlobalSection(SolutionConfigurationPlatforms) = preSolution
		Debug|Any CPU = Debug|Any CPU
		Release|Any CPU = Release|Any CPU
	EndGlobalSection
	GlobalSection(ProjectConfigurationPlatforms) = postSolution
		{9A22EDE5-489E-4C99-9A41-FBB81CF9EEFB}.Debug|Any CPU.ActiveCfg = Debug|Any CPU
		{9A22EDE5-489E-4C99-9A41-FBB81CF9EEFB}.Debug|Any CPU.Build.0 = Debug|Any CPU
		{9A22EDE5-489E-4C99-9A41-FBB81CF9EEFB}.Release|Any CPU.ActiveCfg = Release|Any CPU
		{9A22EDE5-489E-4C99-9A41-FBB81CF9EEFB}.Release|Any CPU.Build.0 = Release|Any CPU
	EndGlobalSection
	GlobalSection(SolutionProperties) = preSolution
		HideSolutionNode = FALSE
	EndGlobalSection
	GlobalSection(ExtensibilityGlobals) = postSolution
		SolutionGuid = {064AD2E8-AC02-4356-8894-AA85E184348E}
	EndGlobalSection
EndGlobal
